
Microsoft Visual Studio Solution File, Format Version 12.00
# Visual Studio Version 17
VisualStudioVersion = 17.13.36105.23 d17.13
MinimumVisualStudioVersion = 10.0.40219.1
Project("{FAE04EC0-301F-11D3-BF4B-00C04F79EFBC}") = "DSA Runtime", "DSA Runtime\DSA Runtime.csproj", "{B884B259-AC18-4F55-9BAF-A2D870272127}"
EndProject
Global
	GlobalSection(SolutionConfigurationPlatforms) = preSolution
		Debug|Any CPU = Debug|Any CPU
		Release|Any CPU = Release|Any CPU
	EndGlobalSection
	GlobalSection(ProjectConfigurationPlatforms) = postSolution
		{B884B259-AC18-4F55-9BAF-A2D870272127}.Debug|Any CPU.ActiveCfg = Debug|Any CPU
		{B884B259-AC18-4F55-9BAF-A2D870272127}.Debug|Any CPU.Build.0 = Debug|Any CPU
		{B884B259-AC18-4F55-9BAF-A2D870272127}.Release|Any CPU.ActiveCfg = Release|Any CPU
		{B884B259-AC18-4F55-9BAF-A2D870272127}.Release|Any CPU.Build.0 = Release|Any CPU
	EndGlobalSection
	GlobalSection(SolutionProperties) = preSolution
		HideSolutionNode = FALSE
	EndGlobalSection
	GlobalSection(ExtensibilityGlobals) = postSolution
		SolutionGuid = {57350E7B-5397-4881-94BA-5DC014BAE213}
	EndGlobalSection
EndGlobal
